
Microsoft Visual Studio Solution File, Format Version 12.00
# Visual Studio Version 17
VisualStudioVersion = 17.2.32602.215
MinimumVisualStudioVersion = 10.0.40219.1
Project("{9A19103F-16F7-4668-BE54-9A1E7A4F7556}") = "Templete.Entities", "Templete.Entities\Templete.Entities.csproj", "{C666D836-0341-4040-A9E5-D9A5333C95A9}"
EndProject
Project("{9A19103F-16F7-4668-BE54-9A1E7A4F7556}") = "Templete.Services", "Templete.Services\Templete.Services.csproj", "{004BF769-7E6C-4B0C-9C0D-E8241769F447}"
EndProject
Project("{9A19103F-16F7-4668-BE54-9A1E7A4F7556}") = "Templete.Persistanse.EF", "Templete.Persistanse.EF\Templete.Persistanse.EF.csproj", "{A307F7FC-1C55-4235-A934-9A01F04DC213}"
EndProject
Project("{9A19103F-16F7-4668-BE54-9A1E7A4F7556}") = "Templete.Migration", "Templete.Migration\Templete.Migration.csproj", "{FA88F03D-A5B6-4471-807E-347F7EB01787}"
EndProject
Project("{FAE04EC0-301F-11D3-BF4B-00C04F79EFBC}") = "Templete.RestApi", "Templete.RestApi\Templete.RestApi.csproj", "{0F6EBC59-93F0-4146-85B7-72D54DD746D5}"
EndProject
Project("{2150E333-8FDC-42A3-9474-1A3956D46DE8}") = "test", "test", "{F4446F4E-436E-43F5-942F-4D0A28A89D92}"
EndProject
Project("{FAE04EC0-301F-11D3-BF4B-00C04F79EFBC}") = "Templete.Service.Unit.Test", "test\Templete.Service.Unit.Test\Templete.Service.Unit.Test.csproj", "{82D41774-C1D6-465F-AC6D-75F84601D68A}"
EndProject
Project("{FAE04EC0-301F-11D3-BF4B-00C04F79EFBC}") = "Tempelte.Specs.Tests", "test\Tempelte.Specs.Tests\Tempelte.Specs.Tests.csproj", "{5DFD1C27-D02D-4388-89F0-148F9CC99486}"
EndProject
Project("{FAE04EC0-301F-11D3-BF4B-00C04F79EFBC}") = "Templete.TestTools", "test\Templete.TestTools\Templete.TestTools.csproj", "{A2E2480D-8824-4AC0-9D3A-1F2711C0CD5E}"
EndProject
Project("{FAE04EC0-301F-11D3-BF4B-00C04F79EFBC}") = "Tempete.Infrastructure", "Tempete.Infrastructure\Tempete.Infrastructure.csproj", "{C62C951F-EFF5-476A-928C-BB726A7DE7F5}"
EndProject
Global
	GlobalSection(SolutionConfigurationPlatforms) = preSolution
		Debug|Any CPU = Debug|Any CPU
		Release|Any CPU = Release|Any CPU
	EndGlobalSection
	GlobalSection(ProjectConfigurationPlatforms) = postSolution
		{C666D836-0341-4040-A9E5-D9A5333C95A9}.Debug|Any CPU.ActiveCfg = Debug|Any CPU
		{C666D836-0341-4040-A9E5-D9A5333C95A9}.Debug|Any CPU.Build.0 = Debug|Any CPU
		{C666D836-0341-4040-A9E5-D9A5333C95A9}.Release|Any CPU.ActiveCfg = Release|Any CPU
		{C666D836-0341-4040-A9E5-D9A5333C95A9}.Release|Any CPU.Build.0 = Release|Any CPU
		{004BF769-7E6C-4B0C-9C0D-E8241769F447}.Debug|Any CPU.ActiveCfg = Debug|Any CPU
		{004BF769-7E6C-4B0C-9C0D-E8241769F447}.Debug|Any CPU.Build.0 = Debug|Any CPU
		{004BF769-7E6C-4B0C-9C0D-E8241769F447}.Release|Any CPU.ActiveCfg = Release|Any CPU
		{004BF769-7E6C-4B0C-9C0D-E8241769F447}.Release|Any CPU.Build.0 = Release|Any CPU
		{A307F7FC-1C55-4235-A934-9A01F04DC213}.Debug|Any CPU.ActiveCfg = Debug|Any CPU
		{A307F7FC-1C55-4235-A934-9A01F04DC213}.Debug|Any CPU.Build.0 = Debug|Any CPU
		{A307F7FC-1C55-4235-A934-9A01F04DC213}.Release|Any CPU.ActiveCfg = Release|Any CPU
		{A307F7FC-1C55-4235-A934-9A01F04DC213}.Release|Any CPU.Build.0 = Release|Any CPU
		{FA88F03D-A5B6-4471-807E-347F7EB01787}.Debug|Any CPU.ActiveCfg = Debug|Any CPU
		{FA88F03D-A5B6-4471-807E-347F7EB01787}.Debug|Any CPU.Build.0 = Debug|Any CPU
		{FA88F03D-A5B6-4471-807E-347F7EB01787}.Release|Any CPU.ActiveCfg = Release|Any CPU
		{FA88F03D-A5B6-4471-807E-347F7EB01787}.Release|Any CPU.Build.0 = Release|Any CPU
		{0F6EBC59-93F0-4146-85B7-72D54DD746D5}.Debug|Any CPU.ActiveCfg = Debug|Any CPU
		{0F6EBC59-93F0-4146-85B7-72D54DD746D5}.Debug|Any CPU.Build.0 = Debug|Any CPU
		{0F6EBC59-93F0-4146-85B7-72D54DD746D5}.Release|Any CPU.ActiveCfg = Release|Any CPU
		{0F6EBC59-93F0-4146-85B7-72D54DD746D5}.Release|Any CPU.Build.0 = Release|Any CPU
		{82D41774-C1D6-465F-AC6D-75F84601D68A}.Debug|Any CPU.ActiveCfg = Debug|Any CPU
		{82D41774-C1D6-465F-AC6D-75F84601D68A}.Debug|Any CPU.Build.0 = Debug|Any CPU
		{82D41774-C1D6-465F-AC6D-75F84601D68A}.Release|Any CPU.ActiveCfg = Release|Any CPU
		{82D41774-C1D6-465F-AC6D-75F84601D68A}.Release|Any CPU.Build.0 = Release|Any CPU
		{5DFD1C27-D02D-4388-89F0-148F9CC99486}.Debug|Any CPU.ActiveCfg = Debug|Any CPU
		{5DFD1C27-D02D-4388-89F0-148F9CC99486}.Debug|Any CPU.Build.0 = Debug|Any CPU
		{5DFD1C27-D02D-4388-89F0-148F9CC99486}.Release|Any CPU.ActiveCfg = Release|Any CPU
		{5DFD1C27-D02D-4388-89F0-148F9CC99486}.Release|Any CPU.Build.0 = Release|Any CPU
		{A2E2480D-8824-4AC0-9D3A-1F2711C0CD5E}.Debug|Any CPU.ActiveCfg = Debug|Any CPU
		{A2E2480D-8824-4AC0-9D3A-1F2711C0CD5E}.Debug|Any CPU.Build.0 = Debug|Any CPU
		{A2E2480D-8824-4AC0-9D3A-1F2711C0CD5E}.Release|Any CPU.ActiveCfg = Release|Any CPU
		{A2E2480D-8824-4AC0-9D3A-1F2711C0CD5E}.Release|Any CPU.Build.0 = Release|Any CPU
		{C62C951F-EFF5-476A-928C-BB726A7DE7F5}.Debug|Any CPU.ActiveCfg = Debug|Any CPU
		{C62C951F-EFF5-476A-928C-BB726A7DE7F5}.Debug|Any CPU.Build.0 = Debug|Any CPU
		{C62C951F-EFF5-476A-928C-BB726A7DE7F5}.Release|Any CPU.ActiveCfg = Release|Any CPU
		{C62C951F-EFF5-476A-928C-BB726A7DE7F5}.Release|Any CPU.Build.0 = Release|Any CPU
	EndGlobalSection
	GlobalSection(SolutionProperties) = preSolution
		HideSolutionNode = FALSE
	EndGlobalSection
	GlobalSection(ExtensibilityGlobals) = postSolution
		SolutionGuid = {EF54CAF8-5C49-44BA-89A1-DC12968B506E}
	EndGlobalSection
	GlobalSection(NestedProjects) = preSolution
		{82D41774-C1D6-465F-AC6D-75F84601D68A} = {F4446F4E-436E-43F5-942F-4D0A28A89D92}
		{5DFD1C27-D02D-4388-89F0-148F9CC99486} = {F4446F4E-436E-43F5-942F-4D0A28A89D92}
		{A2E2480D-8824-4AC0-9D3A-1F2711C0CD5E} = {F4446F4E-436E-43F5-942F-4D0A28A89D92}
	EndGlobalSection
EndGlobal
